// !$*UTF8*$!
{
	archiveVersion = 1;
	classes = {
	};
	objectVersion = 55;
	objects = {

/* Begin PBXBuildFile section */
		8A30CA6C2A17F2CC001D5F14 /* AppDelegate.swift in Sources */ = {isa = PBXBuildFile; fileRef = 8A30CA6B2A17F2CC001D5F14 /* AppDelegate.swift */; };
		8A30CA6E2A17F2CC001D5F14 /* SceneDelegate.swift in Sources */ = {isa = PBXBuildFile; fileRef = 8A30CA6D2A17F2CC001D5F14 /* SceneDelegate.swift */; };
		8A30CA702A17F2CC001D5F14 /* ViewController.swift in Sources */ = {isa = PBXBuildFile; fileRef = 8A30CA6F2A17F2CC001D5F14 /* ViewController.swift */; };
		8A30CA732A17F2CC001D5F14 /* Main.storyboard in Resources */ = {isa = PBXBuildFile; fileRef = 8A30CA712A17F2CC001D5F14 /* Main.storyboard */; };
		8A30CA752A17F2CE001D5F14 /* Assets.xcassets in Resources */ = {isa = PBXBuildFile; fileRef = 8A30CA742A17F2CE001D5F14 /* Assets.xcassets */; };
		8A30CA782A17F2CE001D5F14 /* LaunchScreen.storyboard in Resources */ = {isa = PBXBuildFile; fileRef = 8A30CA762A17F2CE001D5F14 /* LaunchScreen.storyboard */; };
		8A30CA832A17F2CE001D5F14 /* FINALchemappTests.swift in Sources */ = {isa = PBXBuildFile; fileRef = 8A30CA822A17F2CE001D5F14 /* FINALchemappTests.swift */; };
		8A30CA8D2A17F2CE001D5F14 /* FINALchemappUITests.swift in Sources */ = {isa = PBXBuildFile; fileRef = 8A30CA8C2A17F2CE001D5F14 /* FINALchemappUITests.swift */; };
		8A30CA8F2A17F2CE001D5F14 /* FINALchemappUITestsLaunchTests.swift in Sources */ = {isa = PBXBuildFile; fileRef = 8A30CA8E2A17F2CE001D5F14 /* FINALchemappUITestsLaunchTests.swift */; };
/* End PBXBuildFile section */

/* Begin PBXContainerItemProxy section */
		8A30CA7F2A17F2CE001D5F14 /* PBXContainerItemProxy */ = {
			isa = PBXContainerItemProxy;
			containerPortal = 8A30CA602A17F2CB001D5F14 /* Project object */;
			proxyType = 1;
			remoteGlobalIDString = 8A30CA672A17F2CC001D5F14;
			remoteInfo = FINALchemapp;
		};
		8A30CA892A17F2CE001D5F14 /* PBXContainerItemProxy */ = {
			isa = PBXContainerItemProxy;
			containerPortal = 8A30CA602A17F2CB001D5F14 /* Project object */;
			proxyType = 1;
			remoteGlobalIDString = 8A30CA672A17F2CC001D5F14;
			remoteInfo = FINALchemapp;
		};
/* End PBXContainerItemProxy section */

/* Begin PBXFileReference section */
		8A30CA682A17F2CC001D5F14 /* FINALchemapp.app */ = {isa = PBXFileReference; explicitFileType = wrapper.application; includeInIndex = 0; path = FINALchemapp.app; sourceTree = BUILT_PRODUCTS_DIR; };
		8A30CA6B2A17F2CC001D5F14 /* AppDelegate.swift */ = {isa = PBXFileReference; lastKnownFileType = sourcecode.swift; path = AppDelegate.swift; sourceTree = "<group>"; };
		8A30CA6D2A17F2CC001D5F14 /* SceneDelegate.swift */ = {isa = PBXFileReference; lastKnownFileType = sourcecode.swift; path = SceneDelegate.swift; sourceTree = "<group>"; };
		8A30CA6F2A17F2CC001D5F14 /* ViewController.swift */ = {isa = PBXFileReference; lastKnownFileType = sourcecode.swift; path = ViewController.swift; sourceTree = "<group>"; };
		8A30CA722A17F2CC001D5F14 /* Base */ = {isa = PBXFileReference; lastKnownFileType = file.storyboard; name = Base; path = Base.lproj/Main.storyboard; sourceTree = "<group>"; };
		8A30CA742A17F2CE001D5F14 /* Assets.xcassets */ = {isa = PBXFileReference; lastKnownFileType = folder.assetcatalog; path = Assets.xcassets; sourceTree = "<group>"; };
		8A30CA772A17F2CE001D5F14 /* Base */ = {isa = PBXFileReference; lastKnownFileType = file.storyboard; name = Base; path = Base.lproj/LaunchScreen.storyboard; sourceTree = "<group>"; };
		8A30CA792A17F2CE001D5F14 /* Info.plist */ = {isa = PBXFileReference; lastKnownFileType = text.plist.xml; path = Info.plist; sourceTree = "<group>"; };
		8A30CA7E2A17F2CE001D5F14 /* FINALchemappTests.xctest */ = {isa = PBXFileReference; explicitFileType = wrapper.cfbundle; includeInIndex = 0; path = FINALchemappTests.xctest; sourceTree = BUILT_PRODUCTS_DIR; };
		8A30CA822A17F2CE001D5F14 /* FINALchemappTests.swift */ = {isa = PBXFileReference; lastKnownFileType = sourcecode.swift; path = FINALchemappTests.swift; sourceTree = "<group>"; };
		8A30CA882A17F2CE001D5F14 /* FINALchemappUITests.xctest */ = {isa = PBXFileReference; explicitFileType = wrapper.cfbundle; includeInIndex = 0; path = FINALchemappUITests.xctest; sourceTree = BUILT_PRODUCTS_DIR; };
		8A30CA8C2A17F2CE001D5F14 /* FINALchemappUITests.swift */ = {isa = PBXFileReference; lastKnownFileType = sourcecode.swift; path = FINALchemappUITests.swift; sourceTree = "<group>"; };
		8A30CA8E2A17F2CE001D5F14 /* FINALchemappUITestsLaunchTests.swift */ = {isa = PBXFileReference; lastKnownFileType = sourcecode.swift; path = FINALchemappUITestsLaunchTests.swift; sourceTree = "<group>"; };
/* End PBXFileReference section */

/* Begin PBXFrameworksBuildPhase section */
		8A30CA652A17F2CC001D5F14 /* Frameworks */ = {
			isa = PBXFrameworksBuildPhase;
			buildActionMask = 2147483647;
			files = (
			);
			runOnlyForDeploymentPostprocessing = 0;
		};
		8A30CA7B2A17F2CE001D5F14 /* Frameworks */ = {
			isa = PBXFrameworksBuildPhase;
			buildActionMask = 2147483647;
			files = (
			);
			runOnlyForDeploymentPostprocessing = 0;
		};
		8A30CA852A17F2CE001D5F14 /* Frameworks */ = {
			isa = PBXFrameworksBuildPhase;
			buildActionMask = 2147483647;
			files = (
			);
			runOnlyForDeploymentPostprocessing = 0;
		};
/* End PBXFrameworksBuildPhase section */

/* Begin PBXGroup section */
		8A30CA5F2A17F2CB001D5F14 = {
			isa = PBXGroup;
			children = (
				8A30CA6A2A17F2CC001D5F14 /* FINALchemapp */,
				8A30CA812A17F2CE001D5F14 /* FINALchemappTests */,
				8A30CA8B2A17F2CE001D5F14 /* FINALchemappUITests */,
				8A30CA692A17F2CC001D5F14 /* Products */,
			);
			sourceTree = "<group>";
		};
		8A30CA692A17F2CC001D5F14 /* Products */ = {
			isa = PBXGroup;
			children = (
				8A30CA682A17F2CC001D5F14 /* FINALchemapp.app */,
				8A30CA7E2A17F2CE001D5F14 /* FINALchemappTests.xctest */,
				8A30CA882A17F2CE001D5F14 /* FINALchemappUITests.xctest */,
			);
			name = Products;
			sourceTree = "<group>";
		};
		8A30CA6A2A17F2CC001D5F14 /* FINALchemapp */ = {
			isa = PBXGroup;
			children = (
				8A30CA6B2A17F2CC001D5F14 /* AppDelegate.swift */,
				8A30CA6D2A17F2CC001D5F14 /* SceneDelegate.swift */,
				8A30CA6F2A17F2CC001D5F14 /* ViewController.swift */,
				8A30CA712A17F2CC001D5F14 /* Main.storyboard */,
				8A30CA742A17F2CE001D5F14 /* Assets.xcassets */,
				8A30CA762A17F2CE001D5F14 /* LaunchScreen.storyboard */,
				8A30CA792A17F2CE001D5F14 /* Info.plist */,
			);
			path = FINALchemapp;
			sourceTree = "<group>";
		};
		8A30CA812A17F2CE001D5F14 /* FINALchemappTests */ = {
			isa = PBXGroup;
			children = (
				8A30CA822A17F2CE001D5F14 /* FINALchemappTests.swift */,
			);
			path = FINALchemappTests;
			sourceTree = "<group>";
		};
		8A30CA8B2A17F2CE001D5F14 /* FINALchemappUITests */ = {
			isa = PBXGroup;
			children = (
				8A30CA8C2A17F2CE001D5F14 /* FINALchemappUITests.swift */,
				8A30CA8E2A17F2CE001D5F14 /* FINALchemappUITestsLaunchTests.swift */,
			);
			path = FINALchemappUITests;
			sourceTree = "<group>";
		};
/* End PBXGroup section */

/* Begin PBXNativeTarget section */
		8A30CA672A17F2CC001D5F14 /* FINALchemapp */ = {
			isa = PBXNativeTarget;
			buildConfigurationList = 8A30CA922A17F2CE001D5F14 /* Build configuration list for PBXNativeTarget "FINALchemapp" */;
			buildPhases = (
				8A30CA642A17F2CC001D5F14 /* Sources */,
				8A30CA652A17F2CC001D5F14 /* Frameworks */,
				8A30CA662A17F2CC001D5F14 /* Resources */,
			);
			buildRules = (
			);
			dependencies = (
			);
			name = FINALchemapp;
			productName = FINALchemapp;
			productReference = 8A30CA682A17F2CC001D5F14 /* FINALchemapp.app */;
			productType = "com.apple.product-type.application";
		};
		8A30CA7D2A17F2CE001D5F14 /* FINALchemappTests */ = {
			isa = PBXNativeTarget;
			buildConfigurationList = 8A30CA952A17F2CE001D5F14 /* Build configuration list for PBXNativeTarget "FINALchemappTests" */;
			buildPhases = (
				8A30CA7A2A17F2CE001D5F14 /* Sources */,
				8A30CA7B2A17F2CE001D5F14 /* Frameworks */,
				8A30CA7C2A17F2CE001D5F14 /* Resources */,
			);
			buildRules = (
			);
			dependencies = (
				8A30CA802A17F2CE001D5F14 /* PBXTargetDependency */,
			);
			name = FINALchemappTests;
			productName = FINALchemappTests;
			productReference = 8A30CA7E2A17F2CE001D5F14 /* FINALchemappTests.xctest */;
			productType = "com.apple.product-type.bundle.unit-test";
		};
		8A30CA872A17F2CE001D5F14 /* FINALchemappUITests */ = {
			isa = PBXNativeTarget;
			buildConfigurationList = 8A30CA982A17F2CE001D5F14 /* Build configuration list for PBXNativeTarget "FINALchemappUITests" */;
			buildPhases = (
				8A30CA842A17F2CE001D5F14 /* Sources */,
				8A30CA852A17F2CE001D5F14 /* Frameworks */,
				8A30CA862A17F2CE001D5F14 /* Resources */,
			);
			buildRules = (
			);
			dependencies = (
				8A30CA8A2A17F2CE001D5F14 /* PBXTargetDependency */,
			);
			name = FINALchemappUITests;
			productName = FINALchemappUITests;
			productReference = 8A30CA882A17F2CE001D5F14 /* FINALchemappUITests.xctest */;
			productType = "com.apple.product-type.bundle.ui-testing";
		};
/* End PBXNativeTarget section */

/* Begin PBXProject section */
		8A30CA602A17F2CB001D5F14 /* Project object */ = {
			isa = PBXProject;
			attributes = {
				BuildIndependentTargetsInParallel = 1;
				LastSwiftUpdateCheck = 1340;
				LastUpgradeCheck = 1340;
				TargetAttributes = {
					8A30CA672A17F2CC001D5F14 = {
						CreatedOnToolsVersion = 13.4.1;
					};
					8A30CA7D2A17F2CE001D5F14 = {
						CreatedOnToolsVersion = 13.4.1;
						TestTargetID = 8A30CA672A17F2CC001D5F14;
					};
					8A30CA872A17F2CE001D5F14 = {
						CreatedOnToolsVersion = 13.4.1;
						TestTargetID = 8A30CA672A17F2CC001D5F14;
					};
				};
			};
			buildConfigurationList = 8A30CA632A17F2CB001D5F14 /* Build configuration list for PBXProject "FINALchemapp" */;
			compatibilityVersion = "Xcode 13.0";
			developmentRegion = en;
			hasScannedForEncodings = 0;
			knownRegions = (
				en,
				Base,
			);
			mainGroup = 8A30CA5F2A17F2CB001D5F14;
			productRefGroup = 8A30CA692A17F2CC001D5F14 /* Products */;
			projectDirPath = "";
			projectRoot = "";
			targets = (
				8A30CA672A17F2CC001D5F14 /* FINALchemapp */,
				8A30CA7D2A17F2CE001D5F14 /* FINALchemappTests */,
				8A30CA872A17F2CE001D5F14 /* FINALchemappUITests */,
			);
		};
/* End PBXProject section */

/* Begin PBXResourcesBuildPhase section */
		8A30CA662A17F2CC001D5F14 /* Resources */ = {
			isa = PBXResourcesBuildPhase;
			buildActionMask = 2147483647;
			files = (
				8A30CA782A17F2CE001D5F14 /* LaunchScreen.storyboard in Resources */,
				8A30CA752A17F2CE001D5F14 /* Assets.xcassets in Resources */,
				8A30CA732A17F2CC001D5F14 /* Main.storyboard in Resources */,
			);
			runOnlyForDeploymentPostprocessing = 0;
		};
		8A30CA7C2A17F2CE001D5F14 /* Resources */ = {
			isa = PBXResourcesBuildPhase;
			buildActionMask = 2147483647;
			files = (
			);
			runOnlyForDeploymentPostprocessing = 0;
		};
		8A30CA862A17F2CE001D5F14 /* Resources */ = {
			isa = PBXResourcesBuildPhase;
			buildActionMask = 2147483647;
			files = (
			);
			runOnlyForDeploymentPostprocessing = 0;
		};
/* End PBXResourcesBuildPhase section */

/* Begin PBXSourcesBuildPhase section */
		8A30CA642A17F2CC001D5F14 /* Sources */ = {
			isa = PBXSourcesBuildPhase;
			buildActionMask = 2147483647;
			files = (
				8A30CA702A17F2CC001D5F14 /* ViewController.swift in Sources */,
				8A30CA6C2A17F2CC001D5F14 /* AppDelegate.swift in Sources */,
				8A30CA6E2A17F2CC001D5F14 /* SceneDelegate.swift in Sources */,
			);
			runOnlyForDeploymentPostprocessing = 0;
		};
		8A30CA7A2A17F2CE001D5F14 /* Sources */ = {
			isa = PBXSourcesBuildPhase;
			buildActionMask = 2147483647;
			files = (
				8A30CA832A17F2CE001D5F14 /* FINALchemappTests.swift in Sources */,
			);
			runOnlyForDeploymentPostprocessing = 0;
		};
		8A30CA842A17F2CE001D5F14 /* Sources */ = {
			isa = PBXSourcesBuildPhase;
			buildActionMask = 2147483647;
			files = (
				8A30CA8F2A17F2CE001D5F14 /* FINALchemappUITestsLaunchTests.swift in Sources */,
				8A30CA8D2A17F2CE001D5F14 /* FINALchemappUITests.swift in Sources */,
			);
			runOnlyForDeploymentPostprocessing = 0;
		};
/* End PBXSourcesBuildPhase section */

/* Begin PBXTargetDependency section */
		8A30CA802A17F2CE001D5F14 /* PBXTargetDependency */ = {
			isa = PBXTargetDependency;
			target = 8A30CA672A17F2CC001D5F14 /* FINALchemapp */;
			targetProxy = 8A30CA7F2A17F2CE001D5F14 /* PBXContainerItemProxy */;
		};
		8A30CA8A2A17F2CE001D5F14 /* PBXTargetDependency */ = {
			isa = PBXTargetDependency;
			target = 8A30CA672A17F2CC001D5F14 /* FINALchemapp */;
			targetProxy = 8A30CA892A17F2CE001D5F14 /* PBXContainerItemProxy */;
		};
/* End PBXTargetDependency section */

/* Begin PBXVariantGroup section */
		8A30CA712A17F2CC001D5F14 /* Main.storyboard */ = {
			isa = PBXVariantGroup;
			children = (
				8A30CA722A17F2CC001D5F14 /* Base */,
			);
			name = Main.storyboard;
			sourceTree = "<group>";
		};
		8A30CA762A17F2CE001D5F14 /* LaunchScreen.storyboard */ = {
			isa = PBXVariantGroup;
			children = (
				8A30CA772A17F2CE001D5F14 /* Base */,
			);
			name = LaunchScreen.storyboard;
			sourceTree = "<group>";
		};
/* End PBXVariantGroup section */

/* Begin XCBuildConfiguration section */
		8A30CA902A17F2CE001D5F14 /* Debug */ = {
			isa = XCBuildConfiguration;
			buildSettings = {
				ALWAYS_SEARCH_USER_PATHS = NO;
				CLANG_ANALYZER_NONNULL = YES;
				CLANG_ANALYZER_NUMBER_OBJECT_CONVERSION = YES_AGGRESSIVE;
				CLANG_CXX_LANGUAGE_STANDARD = "gnu++17";
				CLANG_ENABLE_MODULES = YES;
				CLANG_ENABLE_OBJC_ARC = YES;
				CLANG_ENABLE_OBJC_WEAK = YES;
				CLANG_WARN_BLOCK_CAPTURE_AUTORELEASING = YES;
				CLANG_WARN_BOOL_CONVERSION = YES;
				CLANG_WARN_COMMA = YES;
				CLANG_WARN_CONSTANT_CONVERSION = YES;
				CLANG_WARN_DEPRECATED_OBJC_IMPLEMENTATIONS = YES;
				CLANG_WARN_DIRECT_OBJC_ISA_USAGE = YES_ERROR;
				CLANG_WARN_DOCUMENTATION_COMMENTS = YES;
				CLANG_WARN_EMPTY_BODY = YES;
				CLANG_WARN_ENUM_CONVERSION = YES;
				CLANG_WARN_INFINITE_RECURSION = YES;
				CLANG_WARN_INT_CONVERSION = YES;
				CLANG_WARN_NON_LITERAL_NULL_CONVERSION = YES;
				CLANG_WARN_OBJC_IMPLICIT_RETAIN_SELF = YES;
				CLANG_WARN_OBJC_LITERAL_CONVERSION = YES;
				CLANG_WARN_OBJC_ROOT_CLASS = YES_ERROR;
				CLANG_WARN_QUOTED_INCLUDE_IN_FRAMEWORK_HEADER = YES;
				CLANG_WARN_RANGE_LOOP_ANALYSIS = YES;
				CLANG_WARN_STRICT_PROTOTYPES = YES;
				CLANG_WARN_SUSPICIOUS_MOVE = YES;
				CLANG_WARN_UNGUARDED_AVAILABILITY = YES_AGGRESSIVE;
				CLANG_WARN_UNREACHABLE_CODE = YES;
				CLANG_WARN__DUPLICATE_METHOD_MATCH = YES;
				COPY_PHASE_STRIP = NO;
				DEBUG_INFORMATION_FORMAT = dwarf;
				ENABLE_STRICT_OBJC_MSGSEND = YES;
				ENABLE_TESTABILITY = YES;
				GCC_C_LANGUAGE_STANDARD = gnu11;
				GCC_DYNAMIC_NO_PIC = NO;
				GCC_NO_COMMON_BLOCKS = YES;
				GCC_OPTIMIZATION_LEVEL = 0;
				GCC_PREPROCESSOR_DEFINITIONS = (
					"DEBUG=1",
					"$(inherited)",
				);
				GCC_WARN_64_TO_32_BIT_CONVERSION = YES;
				GCC_WARN_ABOUT_RETURN_TYPE = YES_ERROR;
				GCC_WARN_UNDECLARED_SELECTOR = YES;
				GCC_WARN_UNINITIALIZED_AUTOS = YES_AGGRESSIVE;
				GCC_WARN_UNUSED_FUNCTION = YES;
				GCC_WARN_UNUSED_VARIABLE = YES;
				IPHONEOS_DEPLOYMENT_TARGET = 15.5;
				MTL_ENABLE_DEBUG_INFO = INCLUDE_SOURCE;
				MTL_FAST_MATH = YES;
				ONLY_ACTIVE_ARCH = YES;
				SDKROOT = iphoneos;
				SWIFT_ACTIVE_COMPILATION_CONDITIONS = DEBUG;
				SWIFT_OPTIMIZATION_LEVEL = "-Onone";
			};
			name = Debug;
		};
		8A30CA912A17F2CE001D5F14 /* Release */ = {
			isa = XCBuildConfiguration;
			buildSettings = {
				ALWAYS_SEARCH_USER_PATHS = NO;
				CLANG_ANALYZER_NONNULL = YES;
				CLANG_ANALYZER_NUMBER_OBJECT_CONVERSION = YES_AGGRESSIVE;
				CLANG_CXX_LANGUAGE_STANDARD = "gnu++17";
				CLANG_ENABLE_MODULES = YES;
				CLANG_ENABLE_OBJC_ARC = YES;
				CLANG_ENABLE_OBJC_WEAK = YES;
				CLANG_WARN_BLOCK_CAPTURE_AUTORELEASING = YES;
				CLANG_WARN_BOOL_CONVERSION = YES;
				CLANG_WARN_COMMA = YES;
				CLANG_WARN_CONSTANT_CONVERSION = YES;
				CLANG_WARN_DEPRECATED_OBJC_IMPLEMENTATIONS = YES;
				CLANG_WARN_DIRECT_OBJC_ISA_USAGE = YES_ERROR;
				CLANG_WARN_DOCUMENTATION_COMMENTS = YES;
				CLANG_WARN_EMPTY_BODY = YES;
				CLANG_WARN_ENUM_CONVERSION = YES;
				CLANG_WARN_INFINITE_RECURSION = YES;
				CLANG_WARN_INT_CONVERSION = YES;
				CLANG_WARN_NON_LITERAL_NULL_CONVERSION = YES;
				CLANG_WARN_OBJC_IMPLICIT_RETAIN_SELF = YES;
				CLANG_WARN_OBJC_LITERAL_CONVERSION = YES;
				CLANG_WARN_OBJC_ROOT_CLASS = YES_ERROR;
				CLANG_WARN_QUOTED_INCLUDE_IN_FRAMEWORK_HEADER = YES;
				CLANG_WARN_RANGE_LOOP_ANALYSIS = YES;
				CLANG_WARN_STRICT_PROTOTYPES = YES;
				CLANG_WARN_SUSPICIOUS_MOVE = YES;
				CLANG_WARN_UNGUARDED_AVAILABILITY = YES_AGGRESSIVE;
				CLANG_WARN_UNREACHABLE_CODE = YES;
				CLANG_WARN__DUPLICATE_METHOD_MATCH = YES;
				COPY_PHASE_STRIP = NO;
				DEBUG_INFORMATION_FORMAT = "dwarf-with-dsym";
				ENABLE_NS_ASSERTIONS = NO;
				ENABLE_STRICT_OBJC_MSGSEND = YES;
				GCC_C_LANGUAGE_STANDARD = gnu11;
				GCC_NO_COMMON_BLOCKS = YES;
				GCC_WARN_64_TO_32_BIT_CONVERSION = YES;
				GCC_WARN_ABOUT_RETURN_TYPE = YES_ERROR;
				GCC_WARN_UNDECLARED_SELECTOR = YES;
				GCC_WARN_UNINITIALIZED_AUTOS = YES_AGGRESSIVE;
				GCC_WARN_UNUSED_FUNCTION = YES;
				GCC_WARN_UNUSED_VARIABLE = YES;
				IPHONEOS_DEPLOYMENT_TARGET = 15.5;
				MTL_ENABLE_DEBUG_INFO = NO;
				MTL_FAST_MATH = YES;
				SDKROOT = iphoneos;
				SWIFT_COMPILATION_MODE = wholemodule;
				SWIFT_OPTIMIZATION_LEVEL = "-O";
				VALIDATE_PRODUCT = YES;
			};
			name = Release;
		};
		8A30CA932A17F2CE001D5F14 /* Debug */ = {
			isa = XCBuildConfiguration;
			buildSettings = {
				ASSETCATALOG_COMPILER_APPICON_NAME = AppIcon;
				ASSETCATALOG_COMPILER_GLOBAL_ACCENT_COLOR_NAME = AccentColor;
				CODE_SIGN_STYLE = Automatic;
				CURRENT_PROJECT_VERSION = 1;
				GENERATE_INFOPLIST_FILE = YES;
				INFOPLIST_FILE = FINALchemapp/Info.plist;
				INFOPLIST_KEY_UIApplicationSupportsIndirectInputEvents = YES;
				INFOPLIST_KEY_UILaunchStoryboardName = LaunchScreen;
				INFOPLIST_KEY_UIMainStoryboardFile = Main;
				INFOPLIST_KEY_UISupportedInterfaceOrientations_iPad = "UIInterfaceOrientationPortrait UIInterfaceOrientationPortraitUpsideDown UIInterfaceOrientationLandscapeLeft UIInterfaceOrientationLandscapeRight";
				INFOPLIST_KEY_UISupportedInterfaceOrientations_iPhone = "UIInterfaceOrientationPortrait UIInterfaceOrientationLandscapeLeft UIInterfaceOrientationLandscapeRight";
				LD_RUNPATH_SEARCH_PATHS = (
					"$(inherited)",
					"@executable_path/Frameworks",
				);
				MARKETING_VERSION = 1.0;
				PRODUCT_BUNDLE_IDENTIFIER = com..FINALchemapp;
				PRODUCT_NAME = "$(TARGET_NAME)";
				SWIFT_EMIT_LOC_STRINGS = YES;
				SWIFT_VERSION = 5.0;
				TARGETED_DEVICE_FAMILY = "1,2";
			};
			name = Debug;
		};
		8A30CA942A17F2CE001D5F14 /* Release */ = {
			isa = XCBuildConfiguration;
			buildSettings = {
				ASSETCATALOG_COMPILER_APPICON_NAME = AppIcon;
				ASSETCATALOG_COMPILER_GLOBAL_ACCENT_COLOR_NAME = AccentColor;
				CODE_SIGN_STYLE = Automatic;
				CURRENT_PROJECT_VERSION = 1;
				GENERATE_INFOPLIST_FILE = YES;
				INFOPLIST_FILE = FINALchemapp/Info.plist;
				INFOPLIST_KEY_UIApplicationSupportsIndirectInputEvents = YES;
				INFOPLIST_KEY_UILaunchStoryboardName = LaunchScreen;
				INFOPLIST_KEY_UIMainStoryboardFile = Main;
				INFOPLIST_KEY_UISupportedInterfaceOrientations_iPad = "UIInterfaceOrientationPortrait UIInterfaceOrientationPortraitUpsideDown UIInterfaceOrientationLandscapeLeft UIInterfaceOrientationLandscapeRight";
				INFOPLIST_KEY_UISupportedInterfaceOrientations_iPhone = "UIInterfaceOrientationPortrait UIInterfaceOrientationLandscapeLeft UIInterfaceOrientationLandscapeRight";
				LD_RUNPATH_SEARCH_PATHS = (
					"$(inherited)",
					"@executable_path/Frameworks",
				);
				MARKETING_VERSION = 1.0;
				PRODUCT_BUNDLE_IDENTIFIER = com..FINALchemapp;
				PRODUCT_NAME = "$(TARGET_NAME)";
				SWIFT_EMIT_LOC_STRINGS = YES;
				SWIFT_VERSION = 5.0;
				TARGETED_DEVICE_FAMILY = "1,2";
			};
			name = Release;
		};
		8A30CA962A17F2CE001D5F14 /* Debug */ = {
			isa = XCBuildConfiguration;
			buildSettings = {
				ALWAYS_EMBED_SWIFT_STANDARD_LIBRARIES = YES;
				BUNDLE_LOADER = "$(TEST_HOST)";
				CODE_SIGN_STYLE = Automatic;
				CURRENT_PROJECT_VERSION = 1;
				GENERATE_INFOPLIST_FILE = YES;
				IPHONEOS_DEPLOYMENT_TARGET = 15.5;
				MARKETING_VERSION = 1.0;
				PRODUCT_BUNDLE_IDENTIFIER = com..FINALchemappTests;
				PRODUCT_NAME = "$(TARGET_NAME)";
				SWIFT_EMIT_LOC_STRINGS = NO;
				SWIFT_VERSION = 5.0;
				TARGETED_DEVICE_FAMILY = "1,2";
				TEST_HOST = "$(BUILT_PRODUCTS_DIR)/FINALchemapp.app/FINALchemapp";
			};
			name = Debug;
		};
		8A30CA972A17F2CE001D5F14 /* Release */ = {
			isa = XCBuildConfiguration;
			buildSettings = {
				ALWAYS_EMBED_SWIFT_STANDARD_LIBRARIES = YES;
				BUNDLE_LOADER = "$(TEST_HOST)";
				CODE_SIGN_STYLE = Automatic;
				CURRENT_PROJECT_VERSION = 1;
				GENERATE_INFOPLIST_FILE = YES;
				IPHONEOS_DEPLOYMENT_TARGET = 15.5;
				MARKETING_VERSION = 1.0;
				PRODUCT_BUNDLE_IDENTIFIER = com..FINALchemappTests;
				PRODUCT_NAME = "$(TARGET_NAME)";
				SWIFT_EMIT_LOC_STRINGS = NO;
				SWIFT_VERSION = 5.0;
				TARGETED_DEVICE_FAMILY = "1,2";
				TEST_HOST = "$(BUILT_PRODUCTS_DIR)/FINALchemapp.app/FINALchemapp";
			};
			name = Release;
		};
		8A30CA992A17F2CE001D5F14 /* Debug */ = {
			isa = XCBuildConfiguration;
			buildSettings = {
				ALWAYS_EMBED_SWIFT_STANDARD_LIBRARIES = YES;
				CODE_SIGN_STYLE = Automatic;
				CURRENT_PROJECT_VERSION = 1;
				GENERATE_INFOPLIST_FILE = YES;
				MARKETING_VERSION = 1.0;
				PRODUCT_BUNDLE_IDENTIFIER = com..FINALchemappUITests;
				PRODUCT_NAME = "$(TARGET_NAME)";
				SWIFT_EMIT_LOC_STRINGS = NO;
				SWIFT_VERSION = 5.0;
				TARGETED_DEVICE_FAMILY = "1,2";
				TEST_TARGET_NAME = FINALchemapp;
			};
			name = Debug;
		};
		8A30CA9A2A17F2CE001D5F14 /* Release */ = {
			isa = XCBuildConfiguration;
			buildSettings = {
				ALWAYS_EMBED_SWIFT_STANDARD_LIBRARIES = YES;
				CODE_SIGN_STYLE = Automatic;
				CURRENT_PROJECT_VERSION = 1;
				GENERATE_INFOPLIST_FILE = YES;
				MARKETING_VERSION = 1.0;
				PRODUCT_BUNDLE_IDENTIFIER = com..FINALchemappUITests;
				PRODUCT_NAME = "$(TARGET_NAME)";
				SWIFT_EMIT_LOC_STRINGS = NO;
				SWIFT_VERSION = 5.0;
				TARGETED_DEVICE_FAMILY = "1,2";
				TEST_TARGET_NAME = FINALchemapp;
			};
			name = Release;
		};
/* End XCBuildConfiguration section */

/* Begin XCConfigurationList section */
		8A30CA632A17F2CB001D5F14 /* Build configuration list for PBXProject "FINALchemapp" */ = {
			isa = XCConfigurationList;
			buildConfigurations = (
				8A30CA902A17F2CE001D5F14 /* Debug */,
				8A30CA912A17F2CE001D5F14 /* Release */,
			);
			defaultConfigurationIsVisible = 0;
			defaultConfigurationName = Release;
		};
		8A30CA922A17F2CE001D5F14 /* Build configuration list for PBXNativeTarget "FINALchemapp" */ = {
			isa = XCConfigurationList;
			buildConfigurations = (
				8A30CA932A17F2CE001D5F14 /* Debug */,
				8A30CA942A17F2CE001D5F14 /* Release */,
			);
			defaultConfigurationIsVisible = 0;
			defaultConfigurationName = Release;
		};
		8A30CA952A17F2CE001D5F14 /* Build configuration list for PBXNativeTarget "FINALchemappTests" */ = {
			isa = XCConfigurationList;
			buildConfigurations = (
				8A30CA962A17F2CE001D5F14 /* Debug */,
				8A30CA972A17F2CE001D5F14 /* Release */,
			);
			defaultConfigurationIsVisible = 0;
			defaultConfigurationName = Release;
		};
		8A30CA982A17F2CE001D5F14 /* Build configuration list for PBXNativeTarget "FINALchemappUITests" */ = {
			isa = XCConfigurationList;
			buildConfigurations = (
				8A30CA992A17F2CE001D5F14 /* Debug */,
				8A30CA9A2A17F2CE001D5F14 /* Release */,
			);
			defaultConfigurationIsVisible = 0;
			defaultConfigurationName = Release;
		};
/* End XCConfigurationList section */
	};
	rootObject = 8A30CA602A17F2CB001D5F14 /* Project object */;
}
